
Microsoft Visual Studio Solution File, Format Version 12.00
# Visual Studio Version 17
VisualStudioVersion = 17.11.35222.181
MinimumVisualStudioVersion = 10.0.40219.1
Project("{FAE04EC0-301F-11D3-BF4B-00C04F79EFBC}") = "backend", "backend.csproj", "{F7D43F7D-3087-4687-B435-00F56FA3B6EA}"
EndProject
Global
	GlobalSection(SolutionConfigurationPlatforms) = preSolution
		Debug|Any CPU = Debug|Any CPU
		Release|Any CPU = Release|Any CPU
	EndGlobalSection
	GlobalSection(ProjectConfigurationPlatforms) = postSolution
		{F7D43F7D-3087-4687-B435-00F56FA3B6EA}.Debug|Any CPU.ActiveCfg = Debug|Any CPU
		{F7D43F7D-3087-4687-B435-00F56FA3B6EA}.Debug|Any CPU.Build.0 = Debug|Any CPU
		{F7D43F7D-3087-4687-B435-00F56FA3B6EA}.Release|Any CPU.ActiveCfg = Release|Any CPU
		{F7D43F7D-3087-4687-B435-00F56FA3B6EA}.Release|Any CPU.Build.0 = Release|Any CPU
	EndGlobalSection
	GlobalSection(SolutionProperties) = preSolution
		HideSolutionNode = FALSE
	EndGlobalSection
	GlobalSection(ExtensibilityGlobals) = postSolution
		SolutionGuid = {2B6C8C4D-47E3-4C99-9361-E1560263161F}
	EndGlobalSection
EndGlobal
